
Microsoft Visual Studio Solution File, Format Version 12.00
# Visual Studio 2013
VisualStudioVersion = 12.0.30501.0
MinimumVisualStudioVersion = 10.0.40219.1
Project("{FAE04EC0-301F-11D3-BF4B-00C04F79EFBC}") = "eCommerce.Contracts", "eCommerce.Contracts\eCommerce.Contracts.csproj", "{56F326CB-7554-4398-B864-1293A2B04B8A}"
EndProject
Project("{FAE04EC0-301F-11D3-BF4B-00C04F79EFBC}") = "eCommerce.Model", "eCommerce.Model\eCommerce.Model.csproj", "{8A163A99-2B14-484D-AD9C-7EFB82705DB4}"
EndProject
Project("{FAE04EC0-301F-11D3-BF4B-00C04F79EFBC}") = "eCommerce.DAL", "eCommerce.DAL\eCommerce.DAL.csproj", "{8DDA5039-7FB5-4D8E-B76E-61D31FC8CBBE}"
EndProject
Project("{FAE04EC0-301F-11D3-BF4B-00C04F79EFBC}") = "eCommerce.WebUI", "eCommerce.WebUI\eCommerce.WebUI.csproj", "{F3A71AE1-5E94-473D-9F32-B92C65C41865}"
EndProject
Global
	GlobalSection(SolutionConfigurationPlatforms) = preSolution
		Debug|Any CPU = Debug|Any CPU
		Release|Any CPU = Release|Any CPU
	EndGlobalSection
	GlobalSection(ProjectConfigurationPlatforms) = postSolution
		{56F326CB-7554-4398-B864-1293A2B04B8A}.Debug|Any CPU.ActiveCfg = Debug|Any CPU
		{56F326CB-7554-4398-B864-1293A2B04B8A}.Debug|Any CPU.Build.0 = Debug|Any CPU
		{56F326CB-7554-4398-B864-1293A2B04B8A}.Release|Any CPU.ActiveCfg = Release|Any CPU
		{56F326CB-7554-4398-B864-1293A2B04B8A}.Release|Any CPU.Build.0 = Release|Any CPU
		{8A163A99-2B14-484D-AD9C-7EFB82705DB4}.Debug|Any CPU.ActiveCfg = Debug|Any CPU
		{8A163A99-2B14-484D-AD9C-7EFB82705DB4}.Debug|Any CPU.Build.0 = Debug|Any CPU
		{8A163A99-2B14-484D-AD9C-7EFB82705DB4}.Release|Any CPU.ActiveCfg = Release|Any CPU
		{8A163A99-2B14-484D-AD9C-7EFB82705DB4}.Release|Any CPU.Build.0 = Release|Any CPU
		{8DDA5039-7FB5-4D8E-B76E-61D31FC8CBBE}.Debug|Any CPU.ActiveCfg = Debug|Any CPU
		{8DDA5039-7FB5-4D8E-B76E-61D31FC8CBBE}.Debug|Any CPU.Build.0 = Debug|Any CPU
		{8DDA5039-7FB5-4D8E-B76E-61D31FC8CBBE}.Release|Any CPU.ActiveCfg = Release|Any CPU
		{8DDA5039-7FB5-4D8E-B76E-61D31FC8CBBE}.Release|Any CPU.Build.0 = Release|Any CPU
		{F3A71AE1-5E94-473D-9F32-B92C65C41865}.Debug|Any CPU.ActiveCfg = Debug|Any CPU
		{F3A71AE1-5E94-473D-9F32-B92C65C41865}.Debug|Any CPU.Build.0 = Debug|Any CPU
		{F3A71AE1-5E94-473D-9F32-B92C65C41865}.Release|Any CPU.ActiveCfg = Release|Any CPU
		{F3A71AE1-5E94-473D-9F32-B92C65C41865}.Release|Any CPU.Build.0 = Release|Any CPU
	EndGlobalSection
	GlobalSection(SolutionProperties) = preSolution
		HideSolutionNode = FALSE
	EndGlobalSection
EndGlobal
